
Microsoft Visual Studio Solution File, Format Version 12.00
# Visual Studio Version 17
VisualStudioVersion = 17.14.37531.7 d17.14
MinimumVisualStudioVersion = 10.0.40219.1
Project("{FAE04EC0-301F-11D3-BF4B-00C04F79EFBC}") = "AgroDoc", "AgroDoc\AgroDoc.csproj", "{B5593D4A-2087-44E9-B027-DE8571B45465}"
EndProject
Global
	GlobalSection(SolutionConfigurationPlatforms) = preSolution
		Debug|Any CPU = Debug|Any CPU
		Release|Any CPU = Release|Any CPU
	EndGlobalSection
	GlobalSection(ProjectConfigurationPlatforms) = postSolution
		{B5593D4A-2087-44E9-B027-DE8571B45465}.Debug|Any CPU.ActiveCfg = Debug|Any CPU
		{B5593D4A-2087-44E9-B027-DE8571B45465}.Debug|Any CPU.Build.0 = Debug|Any CPU
		{B5593D4A-2087-44E9-B027-DE8571B45465}.Release|Any CPU.ActiveCfg = Release|Any CPU
		{B5593D4A-2087-44E9-B027-DE8571B45465}.Release|Any CPU.Build.0 = Release|Any CPU
	EndGlobalSection
	GlobalSection(SolutionProperties) = preSolution
		HideSolutionNode = FALSE
	EndGlobalSection
	GlobalSection(ExtensibilityGlobals) = postSolution
		SolutionGuid = {29033740-89DC-485C-82C7-BCB45C97A951}
	EndGlobalSection
EndGlobal
